Microsoft Visual Studio Solution File, Format Version 12.00
# Visual Studio Version 17
VisualStudioVersion = 17.5.2.0
MinimumVisualStudioVersion = 10.0.40219.1
Project("{FAE04EC0-301F-11D3-BF4B-00C04F79EFBC}") = "UserHandling", "UserHandling.csproj", "{9990ED6C-3D4C-9E67-7359-1E53D8AF2466}"
EndProject
Global
	GlobalSection(SolutionConfigurationPlatforms) = preSolution
		Debug|Any CPU = Debug|Any CPU
		Release|Any CPU = Release|Any CPU
	EndGlobalSection
	GlobalSection(ProjectConfigurationPlatforms) = postSolution
		{9990ED6C-3D4C-9E67-7359-1E53D8AF2466}.Debug|Any CPU.ActiveCfg = Debug|Any CPU
		{9990ED6C-3D4C-9E67-7359-1E53D8AF2466}.Debug|Any CPU.Build.0 = Debug|Any CPU
		{9990ED6C-3D4C-9E67-7359-1E53D8AF2466}.Release|Any CPU.ActiveCfg = Release|Any CPU
		{9990ED6C-3D4C-9E67-7359-1E53D8AF2466}.Release|Any CPU.Build.0 = Release|Any CPU
	EndGlobalSection
	GlobalSection(SolutionProperties) = preSolution
		HideSolutionNode = FALSE
	EndGlobalSection
	GlobalSection(ExtensibilityGlobals) = postSolution
		SolutionGuid = {9397F8DF-FA00-4531-B5C4-D4B08C4C934D}
	EndGlobalSection
EndGlobal
